
Microsoft Visual Studio Solution File, Format Version 12.00
# Visual Studio 15
Project("{FAE04EC0-301F-11D3-BF4B-00C04F79EFBC}") = "Assembly-CSharp", "Assembly-CSharp.csproj", "{B2075822-0030-2B3D-3846-5D2854C4960C}"
EndProject
Project("{FAE04EC0-301F-11D3-BF4B-00C04F79EFBC}") = "Assembly-CSharp-Editor", "Assembly-CSharp-Editor.csproj", "{14A141A5-E7EA-0CC6-2595-AAB6DDBB6EB2}"
EndProject
Global
	GlobalSection(SolutionConfigurationPlatforms) = preSolution
		Debug|Any CPU = Debug|Any CPU
		Release|Any CPU = Release|Any CPU
	EndGlobalSection
	GlobalSection(ProjectConfigurationPlatforms) = postSolution
		{B2075822-0030-2B3D-3846-5D2854C4960C}.Debug|Any CPU.ActiveCfg = Debug|Any CPU
		{B2075822-0030-2B3D-3846-5D2854C4960C}.Debug|Any CPU.Build.0 = Debug|Any CPU
		{B2075822-0030-2B3D-3846-5D2854C4960C}.Release|Any CPU.ActiveCfg = Release|Any CPU
		{B2075822-0030-2B3D-3846-5D2854C4960C}.Release|Any CPU.Build.0 = Release|Any CPU
		{14A141A5-E7EA-0CC6-2595-AAB6DDBB6EB2}.Debug|Any CPU.ActiveCfg = Debug|Any CPU
		{14A141A5-E7EA-0CC6-2595-AAB6DDBB6EB2}.Debug|Any CPU.Build.0 = Debug|Any CPU
		{14A141A5-E7EA-0CC6-2595-AAB6DDBB6EB2}.Release|Any CPU.ActiveCfg = Release|Any CPU
		{14A141A5-E7EA-0CC6-2595-AAB6DDBB6EB2}.Release|Any CPU.Build.0 = Release|Any CPU
	EndGlobalSection
	GlobalSection(SolutionProperties) = preSolution
		HideSolutionNode = FALSE
	EndGlobalSection
EndGlobal
